
Microsoft Visual Studio Solution File, Format Version 12.00
# Visual Studio Version 16
VisualStudioVersion = 16.0.32106.194
MinimumVisualStudioVersion = 10.0.40219.1
Project("{FAE04EC0-301F-11D3-BF4B-00C04F79EFBC}") = "Medium_Clone_WebAPI", "Medium_Clone_WebAPI\Medium_Clone_WebAPI.csproj", "{C939F6DD-F162-44A4-9CF2-C332786D7883}"
EndProject
Project("{FAE04EC0-301F-11D3-BF4B-00C04F79EFBC}") = "Entities", "Entities\Entities.csproj", "{7AF7418E-FD9F-4F24-A0AA-4F27FC81DEFF}"
EndProject
Global
	GlobalSection(SolutionConfigurationPlatforms) = preSolution
		Debug|Any CPU = Debug|Any CPU
		Release|Any CPU = Release|Any CPU
	EndGlobalSection
	GlobalSection(ProjectConfigurationPlatforms) = postSolution
		{C939F6DD-F162-44A4-9CF2-C332786D7883}.Debug|Any CPU.ActiveCfg = Debug|Any CPU
		{C939F6DD-F162-44A4-9CF2-C332786D7883}.Debug|Any CPU.Build.0 = Debug|Any CPU
		{C939F6DD-F162-44A4-9CF2-C332786D7883}.Release|Any CPU.ActiveCfg = Release|Any CPU
		{C939F6DD-F162-44A4-9CF2-C332786D7883}.Release|Any CPU.Build.0 = Release|Any CPU
		{7AF7418E-FD9F-4F24-A0AA-4F27FC81DEFF}.Debug|Any CPU.ActiveCfg = Debug|Any CPU
		{7AF7418E-FD9F-4F24-A0AA-4F27FC81DEFF}.Debug|Any CPU.Build.0 = Debug|Any CPU
		{7AF7418E-FD9F-4F24-A0AA-4F27FC81DEFF}.Release|Any CPU.ActiveCfg = Release|Any CPU
		{7AF7418E-FD9F-4F24-A0AA-4F27FC81DEFF}.Release|Any CPU.Build.0 = Release|Any CPU
	EndGlobalSection
	GlobalSection(SolutionProperties) = preSolution
		HideSolutionNode = FALSE
	EndGlobalSection
	GlobalSection(ExtensibilityGlobals) = postSolution
		SolutionGuid = {E847896D-B261-4FFE-B31C-F0FF694DF105}
	EndGlobalSection
EndGlobal
